
Microsoft Visual Studio Solution File, Format Version 12.00
# Visual Studio Version 16
VisualStudioVersion = 16.0.30128.74
MinimumVisualStudioVersion = 10.0.40219.1
Project("{2150E333-8FDC-42A3-9474-1A3956D46DE8}") = "src", "src", "{B5191A3B-9EB2-4E38-8D40-8DC0A4EE136A}"
	ProjectSection(SolutionItems) = preProject
		src\InternalsVisibleTo.cs = src\InternalsVisibleTo.cs
	EndProjectSection
EndProject
Project("{9A19103F-16F7-4668-BE54-9A1E7A4F7556}") = "TeamGo.Shared.Abstracts", "src\TeamGo.Shared.Abstracts\TeamGo.Shared.Abstracts.csproj", "{7CCE4FBD-3E77-4F9F-BA53-D43EA8885D72}"
EndProject
Project("{9A19103F-16F7-4668-BE54-9A1E7A4F7556}") = "TeamGo.Shared", "src\TeamGo.Shared\TeamGo.Shared.csproj", "{496B83E0-836B-4A83-89AF-087F82515D57}"
EndProject
Project("{2150E333-8FDC-42A3-9474-1A3956D46DE8}") = "Solution Items", "Solution Items", "{349C8E6A-7D9F-4BDC-9C17-9BB300898B1A}"
	ProjectSection(SolutionItems) = preProject
		.editorconfig = .editorconfig
		Packages.props = Packages.props
	EndProjectSection
EndProject
Project("{2150E333-8FDC-42A3-9474-1A3956D46DE8}") = "tests", "tests", "{F03C8761-1056-407D-9E04-460A5F76E9B3}"
EndProject
Project("{2150E333-8FDC-42A3-9474-1A3956D46DE8}") = "unit", "unit", "{B87621B2-369A-466A-A612-FFEDB4D101C1}"
EndProject
Project("{9A19103F-16F7-4668-BE54-9A1E7A4F7556}") = "TeamGo.Shared.Tests.Unit", "tests\unit\TeamGo.Shared.Tests.Unit\TeamGo.Shared.Tests.Unit.csproj", "{2FA6C365-8A86-44BE-9A12-663033EB193E}"
EndProject
Project("{9A19103F-16F7-4668-BE54-9A1E7A4F7556}") = "TeamGo.Identity.Server.Engine", "src\TeamGo.Identity.Server.Engine\TeamGo.Identity.Server.Engine.csproj", "{F499B569-31D5-4AA4-9C62-F830525FBEB5}"
EndProject
Project("{9A19103F-16F7-4668-BE54-9A1E7A4F7556}") = "TeamGo.Identity.Server.Engine.Tests.Unit", "tests\unit\TeamGo.Identity.Server.Engine.Tests.Unit\TeamGo.Identity.Server.Engine.Tests.Unit.csproj", "{814D19A1-C764-4E00-A0E2-5DF0E2581E23}"
EndProject
Project("{9A19103F-16F7-4668-BE54-9A1E7A4F7556}") = "Test.Engine", "tests\Test.Engine\Test.Engine.csproj", "{588F4D81-BA9C-4FDB-9025-F04CC71A6E70}"
EndProject
Global
	GlobalSection(SolutionConfigurationPlatforms) = preSolution
		Debug|Any CPU = Debug|Any CPU
		Release|Any CPU = Release|Any CPU
	EndGlobalSection
	GlobalSection(ProjectConfigurationPlatforms) = postSolution
		{7CCE4FBD-3E77-4F9F-BA53-D43EA8885D72}.Debug|Any CPU.ActiveCfg = Debug|Any CPU
		{7CCE4FBD-3E77-4F9F-BA53-D43EA8885D72}.Debug|Any CPU.Build.0 = Debug|Any CPU
		{7CCE4FBD-3E77-4F9F-BA53-D43EA8885D72}.Release|Any CPU.ActiveCfg = Release|Any CPU
		{7CCE4FBD-3E77-4F9F-BA53-D43EA8885D72}.Release|Any CPU.Build.0 = Release|Any CPU
		{496B83E0-836B-4A83-89AF-087F82515D57}.Debug|Any CPU.ActiveCfg = Debug|Any CPU
		{496B83E0-836B-4A83-89AF-087F82515D57}.Debug|Any CPU.Build.0 = Debug|Any CPU
		{496B83E0-836B-4A83-89AF-087F82515D57}.Release|Any CPU.ActiveCfg = Release|Any CPU
		{496B83E0-836B-4A83-89AF-087F82515D57}.Release|Any CPU.Build.0 = Release|Any CPU
		{2FA6C365-8A86-44BE-9A12-663033EB193E}.Debug|Any CPU.ActiveCfg = Debug|Any CPU
		{2FA6C365-8A86-44BE-9A12-663033EB193E}.Debug|Any CPU.Build.0 = Debug|Any CPU
		{2FA6C365-8A86-44BE-9A12-663033EB193E}.Release|Any CPU.ActiveCfg = Release|Any CPU
		{2FA6C365-8A86-44BE-9A12-663033EB193E}.Release|Any CPU.Build.0 = Release|Any CPU
		{F499B569-31D5-4AA4-9C62-F830525FBEB5}.Debug|Any CPU.ActiveCfg = Debug|Any CPU
		{F499B569-31D5-4AA4-9C62-F830525FBEB5}.Debug|Any CPU.Build.0 = Debug|Any CPU
		{F499B569-31D5-4AA4-9C62-F830525FBEB5}.Release|Any CPU.ActiveCfg = Release|Any CPU
		{F499B569-31D5-4AA4-9C62-F830525FBEB5}.Release|Any CPU.Build.0 = Release|Any CPU
		{814D19A1-C764-4E00-A0E2-5DF0E2581E23}.Debug|Any CPU.ActiveCfg = Debug|Any CPU
		{814D19A1-C764-4E00-A0E2-5DF0E2581E23}.Debug|Any CPU.Build.0 = Debug|Any CPU
		{814D19A1-C764-4E00-A0E2-5DF0E2581E23}.Release|Any CPU.ActiveCfg = Release|Any CPU
		{814D19A1-C764-4E00-A0E2-5DF0E2581E23}.Release|Any CPU.Build.0 = Release|Any CPU
		{588F4D81-BA9C-4FDB-9025-F04CC71A6E70}.Debug|Any CPU.ActiveCfg = Debug|Any CPU
		{588F4D81-BA9C-4FDB-9025-F04CC71A6E70}.Debug|Any CPU.Build.0 = Debug|Any CPU
		{588F4D81-BA9C-4FDB-9025-F04CC71A6E70}.Release|Any CPU.ActiveCfg = Release|Any CPU
		{588F4D81-BA9C-4FDB-9025-F04CC71A6E70}.Release|Any CPU.Build.0 = Release|Any CPU
	EndGlobalSection
	GlobalSection(SolutionProperties) = preSolution
		HideSolutionNode = FALSE
	EndGlobalSection
	GlobalSection(NestedProjects) = preSolution
		{7CCE4FBD-3E77-4F9F-BA53-D43EA8885D72} = {B5191A3B-9EB2-4E38-8D40-8DC0A4EE136A}
		{496B83E0-836B-4A83-89AF-087F82515D57} = {B5191A3B-9EB2-4E38-8D40-8DC0A4EE136A}
		{B87621B2-369A-466A-A612-FFEDB4D101C1} = {F03C8761-1056-407D-9E04-460A5F76E9B3}
		{2FA6C365-8A86-44BE-9A12-663033EB193E} = {B87621B2-369A-466A-A612-FFEDB4D101C1}
		{F499B569-31D5-4AA4-9C62-F830525FBEB5} = {B5191A3B-9EB2-4E38-8D40-8DC0A4EE136A}
		{814D19A1-C764-4E00-A0E2-5DF0E2581E23} = {B87621B2-369A-466A-A612-FFEDB4D101C1}
		{588F4D81-BA9C-4FDB-9025-F04CC71A6E70} = {F03C8761-1056-407D-9E04-460A5F76E9B3}
	EndGlobalSection
	GlobalSection(ExtensibilityGlobals) = postSolution
		SolutionGuid = {93E2D582-1AD3-4334-B681-B818516E5BDC}
	EndGlobalSection
EndGlobal
